
Microsoft Visual Studio Solution File, Format Version 12.00
# Visual Studio Version 17
VisualStudioVersion = 17.0.31611.283
MinimumVisualStudioVersion = 10.0.40219.1
Project("{9A19103F-16F7-4668-BE54-9A1E7A4F7556}") = "MauiSignalR", "MauiSignalR\MauiSignalR.csproj", "{3BAA2146-A038-4EBB-9019-929D05CF8B1A}"
EndProject
Project("{9A19103F-16F7-4668-BE54-9A1E7A4F7556}") = "SignalRServer", "SignalRServer\SignalRServer.csproj", "{CAFB5EC1-F6CF-4D79-BE74-12D644920EE4}"
EndProject
Project("{FAE04EC0-301F-11D3-BF4B-00C04F79EFBC}") = "WinFormsSignalR", "WinFormsSignalR\WinFormsSignalR.csproj", "{87263EFA-E01E-4A8E-9FE4-8DA7357A7B41}"
EndProject
Global
	GlobalSection(SolutionConfigurationPlatforms) = preSolution
		Debug|Any CPU = Debug|Any CPU
		Release|Any CPU = Release|Any CPU
	EndGlobalSection
	GlobalSection(ProjectConfigurationPlatforms) = postSolution
		{3BAA2146-A038-4EBB-9019-929D05CF8B1A}.Debug|Any CPU.ActiveCfg = Debug|Any CPU
		{3BAA2146-A038-4EBB-9019-929D05CF8B1A}.Debug|Any CPU.Build.0 = Debug|Any CPU
		{3BAA2146-A038-4EBB-9019-929D05CF8B1A}.Debug|Any CPU.Deploy.0 = Debug|Any CPU
		{3BAA2146-A038-4EBB-9019-929D05CF8B1A}.Release|Any CPU.ActiveCfg = Release|Any CPU
		{3BAA2146-A038-4EBB-9019-929D05CF8B1A}.Release|Any CPU.Build.0 = Release|Any CPU
		{3BAA2146-A038-4EBB-9019-929D05CF8B1A}.Release|Any CPU.Deploy.0 = Release|Any CPU
		{CAFB5EC1-F6CF-4D79-BE74-12D644920EE4}.Debug|Any CPU.ActiveCfg = Debug|Any CPU
		{CAFB5EC1-F6CF-4D79-BE74-12D644920EE4}.Debug|Any CPU.Build.0 = Debug|Any CPU
		{CAFB5EC1-F6CF-4D79-BE74-12D644920EE4}.Release|Any CPU.ActiveCfg = Release|Any CPU
		{CAFB5EC1-F6CF-4D79-BE74-12D644920EE4}.Release|Any CPU.Build.0 = Release|Any CPU
		{87263EFA-E01E-4A8E-9FE4-8DA7357A7B41}.Debug|Any CPU.ActiveCfg = Debug|Any CPU
		{87263EFA-E01E-4A8E-9FE4-8DA7357A7B41}.Debug|Any CPU.Build.0 = Debug|Any CPU
		{87263EFA-E01E-4A8E-9FE4-8DA7357A7B41}.Release|Any CPU.ActiveCfg = Release|Any CPU
		{87263EFA-E01E-4A8E-9FE4-8DA7357A7B41}.Release|Any CPU.Build.0 = Release|Any CPU
	EndGlobalSection
	GlobalSection(SolutionProperties) = preSolution
		HideSolutionNode = FALSE
	EndGlobalSection
	GlobalSection(ExtensibilityGlobals) = postSolution
		SolutionGuid = {61F7FB11-1E47-470C-91E2-47F8143E1572}
	EndGlobalSection
EndGlobal
